// !$*UTF8*$!
{
	archiveVersion = 1;
	classes = {
	};
	objectVersion = 77;
	objects = {

/* Begin PBXContainerItemProxy section */
		7094BD322EC5A2EE009E122C /* PBXContainerItemProxy */ = {
			isa = PBXContainerItemProxy;
			containerPortal = 7094BD132EC5A2EC009E122C /* Project object */;
			proxyType = 1;
			remoteGlobalIDString = 7094BD1A2EC5A2EC009E122C;
			remoteInfo = TCNMachineTest;
		};
		7094BD3C2EC5A2EE009E122C /* PBXContainerItemProxy */ = {
			isa = PBXContainerItemProxy;
			containerPortal = 7094BD132EC5A2EC009E122C /* Project object */;
			proxyType = 1;
			remoteGlobalIDString = 7094BD1A2EC5A2EC009E122C;
			remoteInfo = TCNMachineTest;
		};
/* End PBXContainerItemProxy section */

/* Begin PBXFileReference section */
		7094BD1B2EC5A2EC009E122C /* TCNMachineTest.app */ = {isa = PBXFileReference; explicitFileType = wrapper.application; includeInIndex = 0; path = TCNMachineTest.app; sourceTree = BUILT_PRODUCTS_DIR; };
		7094BD312EC5A2EE009E122C /* TCNMachineTestTests.xctest */ = {isa = PBXFileReference; explicitFileType = wrapper.cfbundle; includeInIndex = 0; path = TCNMachineTestTests.xctest; sourceTree = BUILT_PRODUCTS_DIR; };
		7094BD3B2EC5A2EE009E122C /* TCNMachineTestUITests.xctest */ = {isa = PBXFileReference; explicitFileType = wrapper.cfbundle; includeInIndex = 0; path = TCNMachineTestUITests.xctest; sourceTree = BUILT_PRODUCTS_DIR; };
/* End PBXFileReference section */

/* Begin PBXFileSystemSynchronizedBuildFileExceptionSet section */
		7094BD432EC5A2EE009E122C /* Exceptions for "TCNMachineTest" folder in "TCNMachineTest" target */ = {
			isa = PBXFileSystemSynchronizedBuildFileExceptionSet;
			membershipExceptions = (
				Info.plist,
			);
			target = 7094BD1A2EC5A2EC009E122C /* TCNMachineTest */;
		};
/* End PBXFileSystemSynchronizedBuildFileExceptionSet section */

/* Begin PBXFileSystemSynchronizedRootGroup section */
		7094BD1D2EC5A2EC009E122C /* TCNMachineTest */ = {
			isa = PBXFileSystemSynchronizedRootGroup;
			exceptions = (
				7094BD432EC5A2EE009E122C /* Exceptions for "TCNMachineTest" folder in "TCNMachineTest" target */,
			);
			path = TCNMachineTest;
			sourceTree = "<group>";
		};
		7094BD342EC5A2EE009E122C /* TCNMachineTestTests */ = {
			isa = PBXFileSystemSynchronizedRootGroup;
			path = TCNMachineTestTests;
			sourceTree = "<group>";
		};
		7094BD3E2EC5A2EE009E122C /* TCNMachineTestUITests */ = {
			isa = PBXFileSystemSynchronizedRootGroup;
			path = TCNMachineTestUITests;
			sourceTree = "<group>";
		};
/* End PBXFileSystemSynchronizedRootGroup section */

/* Begin PBXFrameworksBuildPhase section */
		7094BD182EC5A2EC009E122C /* Frameworks */ = {
			isa = PBXFrameworksBuildPhase;
			buildActionMask = 2147483647;
			files = (
			);
			runOnlyForDeploymentPostprocessing = 0;
		};
		7094BD2E2EC5A2EE009E122C /* Frameworks */ = {
			isa = PBXFrameworksBuildPhase;
			buildActionMask = 2147483647;
			files = (
			);
			runOnlyForDeploymentPostprocessing = 0;
		};
		7094BD382EC5A2EE009E122C /* Frameworks */ = {
			isa = PBXFrameworksBuildPhase;
			buildActionMask = 2147483647;
			files = (
			);
			runOnlyForDeploymentPostprocessing = 0;
		};
/* End PBXFrameworksBuildPhase section */

/* Begin PBXGroup section */
		7094BD122EC5A2EC009E122C = {
			isa = PBXGroup;
			children = (
				7094BD1D2EC5A2EC009E122C /* TCNMachineTest */,
				7094BD342EC5A2EE009E122C /* TCNMachineTestTests */,
				7094BD3E2EC5A2EE009E122C /* TCNMachineTestUITests */,
				7094BD1C2EC5A2EC009E122C /* Products */,
			);
			sourceTree = "<group>";
		};
		7094BD1C2EC5A2EC009E122C /* Products */ = {
			isa = PBXGroup;
			children = (
				7094BD1B2EC5A2EC009E122C /* TCNMachineTest.app */,
				7094BD312EC5A2EE009E122C /* TCNMachineTestTests.xctest */,
				7094BD3B2EC5A2EE009E122C /* TCNMachineTestUITests.xctest */,
			);
			name = Products;
			sourceTree = "<group>";
		};
/* End PBXGroup section */

/* Begin PBXNativeTarget section */
		7094BD1A2EC5A2EC009E122C /* TCNMachineTest */ = {
			isa = PBXNativeTarget;
			buildConfigurationList = 7094BD442EC5A2EE009E122C /* Build configuration list for PBXNativeTarget "TCNMachineTest" */;
			buildPhases = (
				7094BD172EC5A2EC009E122C /* Sources */,
				7094BD182EC5A2EC009E122C /* Frameworks */,
				7094BD192EC5A2EC009E122C /* Resources */,
			);
			buildRules = (
			);
			dependencies = (
			);
			fileSystemSynchronizedGroups = (
				7094BD1D2EC5A2EC009E122C /* TCNMachineTest */,
			);
			name = TCNMachineTest;
			packageProductDependencies = (
			);
			productName = TCNMachineTest;
			productReference = 7094BD1B2EC5A2EC009E122C /* TCNMachineTest.app */;
			productType = "com.apple.product-type.application";
		};
		7094BD302EC5A2EE009E122C /* TCNMachineTestTests */ = {
			isa = PBXNativeTarget;
			buildConfigurationList = 7094BD492EC5A2EE009E122C /* Build configuration list for PBXNativeTarget "TCNMachineTestTests" */;
			buildPhases = (
				7094BD2D2EC5A2EE009E122C /* Sources */,
				7094BD2E2EC5A2EE009E122C /* Frameworks */,
				7094BD2F2EC5A2EE009E122C /* Resources */,
			);
			buildRules = (
			);
			dependencies = (
				7094BD332EC5A2EE009E122C /* PBXTargetDependency */,
			);
			fileSystemSynchronizedGroups = (
				7094BD342EC5A2EE009E122C /* TCNMachineTestTests */,
			);
			name = TCNMachineTestTests;
			packageProductDependencies = (
			);
			productName = TCNMachineTestTests;
			productReference = 7094BD312EC5A2EE009E122C /* TCNMachineTestTests.xctest */;
			productType = "com.apple.product-type.bundle.unit-test";
		};
		7094BD3A2EC5A2EE009E122C /* TCNMachineTestUITests */ = {
			isa = PBXNativeTarget;
			buildConfigurationList = 7094BD4C2EC5A2EE009E122C /* Build configuration list for PBXNativeTarget "TCNMachineTestUITests" */;
			buildPhases = (
				7094BD372EC5A2EE009E122C /* Sources */,
				7094BD382EC5A2EE009E122C /* Frameworks */,
				7094BD392EC5A2EE009E122C /* Resources */,
			);
			buildRules = (
			);
			dependencies = (
				7094BD3D2EC5A2EE009E122C /* PBXTargetDependency */,
			);
			fileSystemSynchronizedGroups = (
				7094BD3E2EC5A2EE009E122C /* TCNMachineTestUITests */,
			);
			name = TCNMachineTestUITests;
			packageProductDependencies = (
			);
			productName = TCNMachineTestUITests;
			productReference = 7094BD3B2EC5A2EE009E122C /* TCNMachineTestUITests.xctest */;
			productType = "com.apple.product-type.bundle.ui-testing";
		};
/* End PBXNativeTarget section */

/* Begin PBXProject section */
		7094BD132EC5A2EC009E122C /* Project object */ = {
			isa = PBXProject;
			attributes = {
				BuildIndependentTargetsInParallel = 1;
				LastSwiftUpdateCheck = 1620;
				LastUpgradeCheck = 1620;
				TargetAttributes = {
					7094BD1A2EC5A2EC009E122C = {
						CreatedOnToolsVersion = 16.2;
					};
					7094BD302EC5A2EE009E122C = {
						CreatedOnToolsVersion = 16.2;
						TestTargetID = 7094BD1A2EC5A2EC009E122C;
					};
					7094BD3A2EC5A2EE009E122C = {
						CreatedOnToolsVersion = 16.2;
						TestTargetID = 7094BD1A2EC5A2EC009E122C;
					};
				};
			};
			buildConfigurationList = 7094BD162EC5A2EC009E122C /* Build configuration list for PBXProject "TCNMachineTest" */;
			developmentRegion = en;
			hasScannedForEncodings = 0;
			knownRegions = (
				en,
				Base,
			);
			mainGroup = 7094BD122EC5A2EC009E122C;
			minimizedProjectReferenceProxies = 1;
			preferredProjectObjectVersion = 77;
			productRefGroup = 7094BD1C2EC5A2EC009E122C /* Products */;
			projectDirPath = "";
			projectRoot = "";
			targets = (
				7094BD1A2EC5A2EC009E122C /* TCNMachineTest */,
				7094BD302EC5A2EE009E122C /* TCNMachineTestTests */,
				7094BD3A2EC5A2EE009E122C /* TCNMachineTestUITests */,
			);
		};
/* End PBXProject section */

/* Begin PBXResourcesBuildPhase section */
		7094BD192EC5A2EC009E122C /* Resources */ = {
			isa = PBXResourcesBuildPhase;
			buildActionMask = 2147483647;
			files = (
			);
			runOnlyForDeploymentPostprocessing = 0;
		};
		7094BD2F2EC5A2EE009E122C /* Resources */ = {
			isa = PBXResourcesBuildPhase;
			buildActionMask = 2147483647;
			files = (
			);
			runOnlyForDeploymentPostprocessing = 0;
		};
		7094BD392EC5A2EE009E122C /* Resources */ = {
			isa = PBXResourcesBuildPhase;
			buildActionMask = 2147483647;
			files = (
			);
			runOnlyForDeploymentPostprocessing = 0;
		};
/* End PBXResourcesBuildPhase section */

/* Begin PBXSourcesBuildPhase section */
		7094BD172EC5A2EC009E122C /* Sources */ = {
			isa = PBXSourcesBuildPhase;
			buildActionMask = 2147483647;
			files = (
			);
			runOnlyForDeploymentPostprocessing = 0;
		};
		7094BD2D2EC5A2EE009E122C /* Sources */ = {
			isa = PBXSourcesBuildPhase;
			buildActionMask = 2147483647;
			files = (
			);
			runOnlyForDeploymentPostprocessing = 0;
		};
		7094BD372EC5A2EE009E122C /* Sources */ = {
			isa = PBXSourcesBuildPhase;
			buildActionMask = 2147483647;
			files = (
			);
			runOnlyForDeploymentPostprocessing = 0;
		};
/* End PBXSourcesBuildPhase section */

/* Begin PBXTargetDependency section */
		7094BD332EC5A2EE009E122C /* PBXTargetDependency */ = {
			isa = PBXTargetDependency;
			target = 7094BD1A2EC5A2EC009E122C /* TCNMachineTest */;
			targetProxy = 7094BD322EC5A2EE009E122C /* PBXContainerItemProxy */;
		};
		7094BD3D2EC5A2EE009E122C /* PBXTargetDependency */ = {
			isa = PBXTargetDependency;
			target = 7094BD1A2EC5A2EC009E122C /* TCNMachineTest */;
			targetProxy = 7094BD3C2EC5A2EE009E122C /* PBXContainerItemProxy */;
		};
/* End PBXTargetDependency section */

/* Begin XCBuildConfiguration section */
		7094BD452EC5A2EE009E122C /* Debug */ = {
			isa = XCBuildConfiguration;
			buildSettings = {
				ASSETCATALOG_COMPILER_APPICON_NAME = AppIcon;
				ASSETCATALOG_COMPILER_GLOBAL_ACCENT_COLOR_NAME = AccentColor;
				CODE_SIGN_STYLE = Automatic;
				CURRENT_PROJECT_VERSION = 1;
				DEVELOPMENT_TEAM = F65D9CD6HQ;
				GENERATE_INFOPLIST_FILE = YES;
				INFOPLIST_FILE = TCNMachineTest/Info.plist;
				INFOPLIST_KEY_UIApplicationSupportsIndirectInputEvents = YES;
				INFOPLIST_KEY_UILaunchStoryboardName = LaunchScreen;
				INFOPLIST_KEY_UIMainStoryboardFile = Main;
				INFOPLIST_KEY_UISupportedInterfaceOrientations_iPad = "UIInterfaceOrientationPortrait UIInterfaceOrientationPortraitUpsideDown UIInterfaceOrientationLandscapeLeft UIInterfaceOrientationLandscapeRight";
				INFOPLIST_KEY_UISupportedInterfaceOrientations_iPhone = "UIInterfaceOrientationPortrait UIInterfaceOrientationLandscapeLeft UIInterfaceOrientationLandscapeRight";
				LD_RUNPATH_SEARCH_PATHS = (
					"$(inherited)",
					"@executable_path/Frameworks",
				);
				MARKETING_VERSION = 1.0;
				PRODUCT_BUNDLE_IDENTIFIER = com.agoda.com;
				PRODUCT_NAME = "$(TARGET_NAME)";
				SWIFT_EMIT_LOC_STRINGS = YES;
				SWIFT_VERSION = 5.0;
				TARGETED_DEVICE_FAMILY = "1,2";
			};
			name = Debug;
		};
		7094BD462EC5A2EE009E122C /* Release */ = {
			isa = XCBuildConfiguration;
			buildSettings = {
				ASSETCATALOG_COMPILER_APPICON_NAME = AppIcon;
				ASSETCATALOG_COMPILER_GLOBAL_ACCENT_COLOR_NAME = AccentColor;
				CODE_SIGN_STYLE = Automatic;
				CURRENT_PROJECT_VERSION = 1;
				DEVELOPMENT_TEAM = F65D9CD6HQ;
				GENERATE_INFOPLIST_FILE = YES;
				INFOPLIST_FILE = TCNMachineTest/Info.plist;
				INFOPLIST_KEY_UIApplicationSupportsIndirectInputEvents = YES;
				INFOPLIST_KEY_UILaunchStoryboardName = LaunchScreen;
				INFOPLIST_KEY_UIMainStoryboardFile = Main;
				INFOPLIST_KEY_UISupportedInterfaceOrientations_iPad = "UIInterfaceOrientationPortrait UIInterfaceOrientationPortraitUpsideDown UIInterfaceOrientationLandscapeLeft UIInterfaceOrientationLandscapeRight";
				INFOPLIST_KEY_UISupportedInterfaceOrientations_iPhone = "UIInterfaceOrientationPortrait UIInterfaceOrientationLandscapeLeft UIInterfaceOrientationLandscapeRight";
				LD_RUNPATH_SEARCH_PATHS = (
					"$(inherited)",
					"@executable_path/Frameworks",
				);
				MARKETING_VERSION = 1.0;
				PRODUCT_BUNDLE_IDENTIFIER = com.agoda.com;
				PRODUCT_NAME = "$(TARGET_NAME)";
				SWIFT_EMIT_LOC_STRINGS = YES;
				SWIFT_VERSION = 5.0;
				TARGETED_DEVICE_FAMILY = "1,2";
			};
			name = Release;
		};
		7094BD472EC5A2EE009E122C /* Debug */ = {
			isa = XCBuildConfiguration;
			buildSettings = {
				ALWAYS_SEARCH_USER_PATHS = NO;
				ASSETCATALOG_COMPILER_GENERATE_SWIFT_ASSET_SYMBOL_EXTENSIONS = YES;
				CLANG_ANALYZER_NONNULL = YES;
				CLANG_ANALYZER_NUMBER_OBJECT_CONVERSION = YES_AGGRESSIVE;
				CLANG_CXX_LANGUAGE_STANDARD = "gnu++20";
				CLANG_ENABLE_MODULES = YES;
				CLANG_ENABLE_OBJC_ARC = YES;
				CLANG_ENABLE_OBJC_WEAK = YES;
				CLANG_WARN_BLOCK_CAPTURE_AUTORELEASING = YES;
				CLANG_WARN_BOOL_CONVERSION = YES;
				CLANG_WARN_COMMA = YES;
				CLANG_WARN_CONSTANT_CONVERSION = YES;
				CLANG_WARN_DEPRECATED_OBJC_IMPLEMENTATIONS = YES;
				CLANG_WARN_DIRECT_OBJC_ISA_USAGE = YES_ERROR;
				CLANG_WARN_DOCUMENTATION_COMMENTS = YES;
				CLANG_WARN_EMPTY_BODY = YES;
				CLANG_WARN_ENUM_CONVERSION = YES;
				CLANG_WARN_INFINITE_RECURSION = YES;
				CLANG_WARN_INT_CONVERSION = YES;
				CLANG_WARN_NON_LITERAL_NULL_CONVERSION = YES;
				CLANG_WARN_OBJC_IMPLICIT_RETAIN_SELF = YES;
				CLANG_WARN_OBJC_LITERAL_CONVERSION = YES;
				CLANG_WARN_OBJC_ROOT_CLASS = YES_ERROR;
				CLANG_WARN_QUOTED_INCLUDE_IN_FRAMEWORK_HEADER = YES;
				CLANG_WARN_RANGE_LOOP_ANALYSIS = YES;
				CLANG_WARN_STRICT_PROTOTYPES = YES;
				CLANG_WARN_SUSPICIOUS_MOVE = YES;
				CLANG_WARN_UNGUARDED_AVAILABILITY = YES_AGGRESSIVE;
				CLANG_WARN_UNREACHABLE_CODE = YES;
				CLANG_WARN__DUPLICATE_METHOD_MATCH = YES;
				COPY_PHASE_STRIP = NO;
				DEBUG_INFORMATION_FORMAT = dwarf;
				ENABLE_STRICT_OBJC_MSGSEND = YES;
				ENABLE_TESTABILITY = YES;
				ENABLE_USER_SCRIPT_SANDBOXING = YES;
				GCC_C_LANGUAGE_STANDARD = gnu17;
				GCC_DYNAMIC_NO_PIC = NO;
				GCC_NO_COMMON_BLOCKS = YES;
				GCC_OPTIMIZATION_LEVEL = 0;
				GCC_PREPROCESSOR_DEFINITIONS = (
					"DEBUG=1",
					"$(inherited)",
				);
				GCC_WARN_64_TO_32_BIT_CONVERSION = YES;
				GCC_WARN_ABOUT_RETURN_TYPE = YES_ERROR;
				GCC_WARN_UNDECLARED_SELECTOR = YES;
				GCC_WARN_UNINITIALIZED_AUTOS = YES_AGGRESSIVE;
				GCC_WARN_UNUSED_FUNCTION = YES;
				GCC_WARN_UNUSED_VARIABLE = YES;
				IPHONEOS_DEPLOYMENT_TARGET = 18.2;
				LOCALIZATION_PREFERS_STRING_CATALOGS = YES;
				MTL_ENABLE_DEBUG_INFO = INCLUDE_SOURCE;
				MTL_FAST_MATH = YES;
				ONLY_ACTIVE_ARCH = YES;
				SDKROOT = iphoneos;
				SWIFT_ACTIVE_COMPILATION_CONDITIONS = "DEBUG $(inherited)";
				SWIFT_OPTIMIZATION_LEVEL = "-Onone";
			};
			name = Debug;
		};
		7094BD482EC5A2EE009E122C /* Release */ = {
			isa = XCBuildConfiguration;
			buildSettings = {
				ALWAYS_SEARCH_USER_PATHS = NO;
				ASSETCATALOG_COMPILER_GENERATE_SWIFT_ASSET_SYMBOL_EXTENSIONS = YES;
				CLANG_ANALYZER_NONNULL = YES;
				CLANG_ANALYZER_NUMBER_OBJECT_CONVERSION = YES_AGGRESSIVE;
				CLANG_CXX_LANGUAGE_STANDARD = "gnu++20";
				CLANG_ENABLE_MODULES = YES;
				CLANG_ENABLE_OBJC_ARC = YES;
				CLANG_ENABLE_OBJC_WEAK = YES;
				CLANG_WARN_BLOCK_CAPTURE_AUTORELEASING = YES;
				CLANG_WARN_BOOL_CONVERSION = YES;
				CLANG_WARN_COMMA = YES;
				CLANG_WARN_CONSTANT_CONVERSION = YES;
				CLANG_WARN_DEPRECATED_OBJC_IMPLEMENTATIONS = YES;
				CLANG_WARN_DIRECT_OBJC_ISA_USAGE = YES_ERROR;
				CLANG_WARN_DOCUMENTATION_COMMENTS = YES;
				CLANG_WARN_EMPTY_BODY = YES;
				CLANG_WARN_ENUM_CONVERSION = YES;
				CLANG_WARN_INFINITE_RECURSION = YES;
				CLANG_WARN_INT_CONVERSION = YES;
				CLANG_WARN_NON_LITERAL_NULL_CONVERSION = YES;
				CLANG_WARN_OBJC_IMPLICIT_RETAIN_SELF = YES;
				CLANG_WARN_OBJC_LITERAL_CONVERSION = YES;
				CLANG_WARN_OBJC_ROOT_CLASS = YES_ERROR;
				CLANG_WARN_QUOTED_INCLUDE_IN_FRAMEWORK_HEADER = YES;
				CLANG_WARN_RANGE_LOOP_ANALYSIS = YES;
				CLANG_WARN_STRICT_PROTOTYPES = YES;
				CLANG_WARN_SUSPICIOUS_MOVE = YES;
				CLANG_WARN_UNGUARDED_AVAILABILITY = YES_AGGRESSIVE;
				CLANG_WARN_UNREACHABLE_CODE = YES;
				CLANG_WARN__DUPLICATE_METHOD_MATCH = YES;
				COPY_PHASE_STRIP = NO;
				DEBUG_INFORMATION_FORMAT = "dwarf-with-dsym";
				ENABLE_NS_ASSERTIONS = NO;
				ENABLE_STRICT_OBJC_MSGSEND = YES;
				ENABLE_USER_SCRIPT_SANDBOXING = YES;
				GCC_C_LANGUAGE_STANDARD = gnu17;
				GCC_NO_COMMON_BLOCKS = YES;
				GCC_WARN_64_TO_32_BIT_CONVERSION = YES;
				GCC_WARN_ABOUT_RETURN_TYPE = YES_ERROR;
				GCC_WARN_UNDECLARED_SELECTOR = YES;
				GCC_WARN_UNINITIALIZED_AUTOS = YES_AGGRESSIVE;
				GCC_WARN_UNUSED_FUNCTION = YES;
				GCC_WARN_UNUSED_VARIABLE = YES;
				IPHONEOS_DEPLOYMENT_TARGET = 18.2;
				LOCALIZATION_PREFERS_STRING_CATALOGS = YES;
				MTL_ENABLE_DEBUG_INFO = NO;
				MTL_FAST_MATH = YES;
				SDKROOT = iphoneos;
				SWIFT_COMPILATION_MODE = wholemodule;
				VALIDATE_PRODUCT = YES;
			};
			name = Release;
		};
		7094BD4A2EC5A2EE009E122C /* Debug */ = {
			isa = XCBuildConfiguration;
			buildSettings = {
				BUNDLE_LOADER = "$(TEST_HOST)";
				CODE_SIGN_STYLE = Automatic;
				CURRENT_PROJECT_VERSION = 1;
				DEVELOPMENT_TEAM = F65D9CD6HQ;
				GENERATE_INFOPLIST_FILE = YES;
				IPHONEOS_DEPLOYMENT_TARGET = 18.2;
				MARKETING_VERSION = 1.0;
				PRODUCT_BUNDLE_IDENTIFIER = com.agoda.com;
				PRODUCT_NAME = "$(TARGET_NAME)";
				SWIFT_EMIT_LOC_STRINGS = NO;
				SWIFT_VERSION = 5.0;
				TARGETED_DEVICE_FAMILY = "1,2";
				TEST_HOST = "$(BUILT_PRODUCTS_DIR)/TCNMachineTest.app/$(BUNDLE_EXECUTABLE_FOLDER_PATH)/TCNMachineTest";
			};
			name = Debug;
		};
		7094BD4B2EC5A2EE009E122C /* Release */ = {
			isa = XCBuildConfiguration;
			buildSettings = {
				BUNDLE_LOADER = "$(TEST_HOST)";
				CODE_SIGN_STYLE = Automatic;
				CURRENT_PROJECT_VERSION = 1;
				DEVELOPMENT_TEAM = F65D9CD6HQ;
				GENERATE_INFOPLIST_FILE = YES;
				IPHONEOS_DEPLOYMENT_TARGET = 18.2;
				MARKETING_VERSION = 1.0;
				PRODUCT_BUNDLE_IDENTIFIER = com.agoda.com;
				PRODUCT_NAME = "$(TARGET_NAME)";
				SWIFT_EMIT_LOC_STRINGS = NO;
				SWIFT_VERSION = 5.0;
				TARGETED_DEVICE_FAMILY = "1,2";
				TEST_HOST = "$(BUILT_PRODUCTS_DIR)/TCNMachineTest.app/$(BUNDLE_EXECUTABLE_FOLDER_PATH)/TCNMachineTest";
			};
			name = Release;
		};
		7094BD4D2EC5A2EE009E122C /* Debug */ = {
			isa = XCBuildConfiguration;
			buildSettings = {
				CODE_SIGN_STYLE = Automatic;
				CURRENT_PROJECT_VERSION = 1;
				DEVELOPMENT_TEAM = F65D9CD6HQ;
				GENERATE_INFOPLIST_FILE = YES;
				MARKETING_VERSION = 1.0;
				PRODUCT_BUNDLE_IDENTIFIER = com.agoda.com;
				PRODUCT_NAME = "$(TARGET_NAME)";
				SWIFT_EMIT_LOC_STRINGS = NO;
				SWIFT_VERSION = 5.0;
				TARGETED_DEVICE_FAMILY = "1,2";
				TEST_TARGET_NAME = TCNMachineTest;
			};
			name = Debug;
		};
		7094BD4E2EC5A2EE009E122C /* Release */ = {
			isa = XCBuildConfiguration;
			buildSettings = {
				CODE_SIGN_STYLE = Automatic;
				CURRENT_PROJECT_VERSION = 1;
				DEVELOPMENT_TEAM = F65D9CD6HQ;
				GENERATE_INFOPLIST_FILE = YES;
				MARKETING_VERSION = 1.0;
				PRODUCT_BUNDLE_IDENTIFIER = com.agoda.com;
				PRODUCT_NAME = "$(TARGET_NAME)";
				SWIFT_EMIT_LOC_STRINGS = NO;
				SWIFT_VERSION = 5.0;
				TARGETED_DEVICE_FAMILY = "1,2";
				TEST_TARGET_NAME = TCNMachineTest;
			};
			name = Release;
		};
/* End XCBuildConfiguration section */

/* Begin XCConfigurationList section */
		7094BD162EC5A2EC009E122C /* Build configuration list for PBXProject "TCNMachineTest" */ = {
			isa = XCConfigurationList;
			buildConfigurations = (
				7094BD472EC5A2EE009E122C /* Debug */,
				7094BD482EC5A2EE009E122C /* Release */,
			);
			defaultConfigurationIsVisible = 0;
			defaultConfigurationName = Release;
		};
		7094BD442EC5A2EE009E122C /* Build configuration list for PBXNativeTarget "TCNMachineTest" */ = {
			isa = XCConfigurationList;
			buildConfigurations = (
				7094BD452EC5A2EE009E122C /* Debug */,
				7094BD462EC5A2EE009E122C /* Release */,
			);
			defaultConfigurationIsVisible = 0;
			defaultConfigurationName = Release;
		};
		7094BD492EC5A2EE009E122C /* Build configuration list for PBXNativeTarget "TCNMachineTestTests" */ = {
			isa = XCConfigurationList;
			buildConfigurations = (
				7094BD4A2EC5A2EE009E122C /* Debug */,
				7094BD4B2EC5A2EE009E122C /* Release */,
			);
			defaultConfigurationIsVisible = 0;
			defaultConfigurationName = Release;
		};
		7094BD4C2EC5A2EE009E122C /* Build configuration list for PBXNativeTarget "TCNMachineTestUITests" */ = {
			isa = XCConfigurationList;
			buildConfigurations = (
				7094BD4D2EC5A2EE009E122C /* Debug */,
				7094BD4E2EC5A2EE009E122C /* Release */,
			);
			defaultConfigurationIsVisible = 0;
			defaultConfigurationName = Release;
		};
/* End XCConfigurationList section */
	};
	rootObject = 7094BD132EC5A2EC009E122C /* Project object */;
}
